// !$*UTF8*$!
{
	archiveVersion = 1;
	classes = {
	};
	objectVersion = 56;
	objects = {

/* Begin PBXBuildFile section */
		8E62203A22824C09BD0352D9 /* Notebook.swift in Sources */ = {isa = PBXBuildFile; fileRef = 655F69F912BD48BD94789515 /* Notebook.swift */; };
		5D023ECF7D124AA8BE2A971C /* Page.swift in Sources */ = {isa = PBXBuildFile; fileRef = 47B6E03ED33947F293CC98EB /* Page.swift */; };
		18CAF82B89CC423BB5F6F66A /* DataStore.swift in Sources */ = {isa = PBXBuildFile; fileRef = 3D26ABDEA9EB4FA8BF8E1DBE /* DataStore.swift */; };
		CEF33E66DAEB4867B753BD30 /* NotebookListView.swift in Sources */ = {isa = PBXBuildFile; fileRef = 4037E1BC556B477BB2187FEB /* NotebookListView.swift */; };
		65103AE04DE74EF9AC5CB34A /* NotebookListViewModel.swift in Sources */ = {isa = PBXBuildFile; fileRef = 2C3254771E6143F0AC310D24 /* NotebookListViewModel.swift */; };
		1A0000010000000000000001 /* NoteDraftApp.swift in Sources */ = {isa = PBXBuildFile; fileRef = 1A0000020000000000000001 /* NoteDraftApp.swift */; };
		1A0000030000000000000001 /* ContentView.swift in Sources */ = {isa = PBXBuildFile; fileRef = 1A0000040000000000000001 /* ContentView.swift */; };
		1A0000050000000000000001 /* Assets.xcassets in Resources */ = {isa = PBXBuildFile; fileRef = 1A0000060000000000000001 /* Assets.xcassets */; };
		B1A1A1A1A1A1A1A1A1A1A1A1 /* NotebookView.swift in Sources */ = {isa = PBXBuildFile; fileRef = B1B1B1B1B1B1B1B1B1B1B1B1 /* NotebookView.swift */; };
		B2A2A2A2A2A2A2A2A2A2A2A2 /* NotebookViewModel.swift in Sources */ = {isa = PBXBuildFile; fileRef = B2B2B2B2B2B2B2B2B2B2B2B2 /* NotebookViewModel.swift */; };
		B3A3A3A3A3A3A3A3A3A3A3A3 /* PageView.swift in Sources */ = {isa = PBXBuildFile; fileRef = B3B3B3B3B3B3B3B3B3B3B3B3 /* PageView.swift */; };
		B4A4A4A4A4A4A4A4A4A4A4A4 /* PageViewModel.swift in Sources */ = {isa = PBXBuildFile; fileRef = B4B4B4B4B4B4B4B4B4B4B4B4 /* PageViewModel.swift */; };
		B5A5A5A5A5A5A5A5A5A5A5A5 /* CanvasView.swift in Sources */ = {isa = PBXBuildFile; fileRef = B5B5B5B5B5B5B5B5B5B5B5B5 /* CanvasView.swift */; };
		B6A6A6A6A6A6A6A6A6A6A6A6 /* ContinuousPageView.swift in Sources */ = {isa = PBXBuildFile; fileRef = B6B6B6B6B6B6B6B6B6B6B6B6 /* ContinuousPageView.swift */; };
		B7A7A7A7A7A7A7A7A7A7A7A7 /* ContinuousPageViewModel.swift in Sources */ = {isa = PBXBuildFile; fileRef = B7B7B7B7B7B7B7B7B7B7B7B7 /* ContinuousPageViewModel.swift */; };
		B8A8A8A8A8A8A8A8A8A8A8A8 /* BackgroundView.swift in Sources */ = {isa = PBXBuildFile; fileRef = B8B8B8B8B8B8B8B8B8B8B8B8 /* BackgroundView.swift */; };
		B9A9A9A9A9A9A9A9A9A9A9A9 /* BackgroundType.swift in Sources */ = {isa = PBXBuildFile; fileRef = B9B9B9B9B9B9B9B9B9B9B9B9 /* BackgroundType.swift */; };
/* End PBXBuildFile section */

/* Begin PBXFileReference section */
		655F69F912BD48BD94789515 /* Notebook.swift */ = {isa = PBXFileReference; lastKnownFileType = sourcecode.swift; path = Notebook.swift; sourceTree = "<group>"; };
		47B6E03ED33947F293CC98EB /* Page.swift */ = {isa = PBXFileReference; lastKnownFileType = sourcecode.swift; path = Page.swift; sourceTree = "<group>"; };
		3D26ABDEA9EB4FA8BF8E1DBE /* DataStore.swift */ = {isa = PBXFileReference; lastKnownFileType = sourcecode.swift; path = DataStore.swift; sourceTree = "<group>"; };
		4037E1BC556B477BB2187FEB /* NotebookListView.swift */ = {isa = PBXFileReference; lastKnownFileType = sourcecode.swift; path = NotebookListView.swift; sourceTree = "<group>"; };
		2C3254771E6143F0AC310D24 /* NotebookListViewModel.swift */ = {isa = PBXFileReference; lastKnownFileType = sourcecode.swift; path = NotebookListViewModel.swift; sourceTree = "<group>"; };
		1A0000000000000000000001 /* NoteDraft.app */ = {isa = PBXFileReference; explicitFileType = wrapper.application; includeInIndex = 0; path = NoteDraft.app; sourceTree = BUILT_PRODUCTS_DIR; };
		1A0000020000000000000001 /* NoteDraftApp.swift */ = {isa = PBXFileReference; lastKnownFileType = sourcecode.swift; path = NoteDraftApp.swift; sourceTree = "<group>"; };
		1A0000040000000000000001 /* ContentView.swift */ = {isa = PBXFileReference; lastKnownFileType = sourcecode.swift; path = ContentView.swift; sourceTree = "<group>"; };
		1A0000060000000000000001 /* Assets.xcassets */ = {isa = PBXFileReference; lastKnownFileType = folder.assetcatalog; path = Assets.xcassets; sourceTree = "<group>"; };
		1A0000070000000000000001 /* Info.plist */ = {isa = PBXFileReference; lastKnownFileType = text.plist.xml; path = Info.plist; sourceTree = "<group>"; };
		B1B1B1B1B1B1B1B1B1B1B1B1 /* NotebookView.swift */ = {isa = PBXFileReference; lastKnownFileType = sourcecode.swift; path = NotebookView.swift; sourceTree = "<group>"; };
		B2B2B2B2B2B2B2B2B2B2B2B2 /* NotebookViewModel.swift */ = {isa = PBXFileReference; lastKnownFileType = sourcecode.swift; path = NotebookViewModel.swift; sourceTree = "<group>"; };
		B3B3B3B3B3B3B3B3B3B3B3B3 /* PageView.swift */ = {isa = PBXFileReference; lastKnownFileType = sourcecode.swift; path = PageView.swift; sourceTree = "<group>"; };
		B4B4B4B4B4B4B4B4B4B4B4B4 /* PageViewModel.swift */ = {isa = PBXFileReference; lastKnownFileType = sourcecode.swift; path = PageViewModel.swift; sourceTree = "<group>"; };
		B5B5B5B5B5B5B5B5B5B5B5B5 /* CanvasView.swift */ = {isa = PBXFileReference; lastKnownFileType = sourcecode.swift; path = CanvasView.swift; sourceTree = "<group>"; };
		B6B6B6B6B6B6B6B6B6B6B6B6 /* ContinuousPageView.swift */ = {isa = PBXFileReference; lastKnownFileType = sourcecode.swift; path = ContinuousPageView.swift; sourceTree = "<group>"; };
		B7B7B7B7B7B7B7B7B7B7B7B7 /* ContinuousPageViewModel.swift */ = {isa = PBXFileReference; lastKnownFileType = sourcecode.swift; path = ContinuousPageViewModel.swift; sourceTree = "<group>"; };
		B8B8B8B8B8B8B8B8B8B8B8B8 /* BackgroundView.swift */ = {isa = PBXFileReference; lastKnownFileType = sourcecode.swift; path = BackgroundView.swift; sourceTree = "<group>"; };
		B9B9B9B9B9B9B9B9B9B9B9B9 /* BackgroundType.swift */ = {isa = PBXFileReference; lastKnownFileType = sourcecode.swift; path = BackgroundType.swift; sourceTree = "<group>"; };
/* End PBXFileReference section */

/* Begin PBXFrameworksBuildPhase section */
		1A0000080000000000000001 /* Frameworks */ = {
			isa = PBXFrameworksBuildPhase;
			buildActionMask = 2147483647;
			files = (
			);
			runOnlyForDeploymentPostprocessing = 0;
		};
/* End PBXFrameworksBuildPhase section */

/* Begin PBXGroup section */
		1A0000090000000000000001 = {
			isa = PBXGroup;
			children = (
				1A00000A0000000000000001 /* NoteDraft */,
				1A00000B0000000000000001 /* Products */,
			);
			sourceTree = "<group>";
		};
		1A00000A0000000000000001 /* NoteDraft */ = {
			isa = PBXGroup;
			children = (
				1A0000020000000000000001 /* NoteDraftApp.swift */,
				1A0000040000000000000001 /* ContentView.swift */,
				1A0000060000000000000001 /* Assets.xcassets */,
				1A0000070000000000000001 /* Info.plist */,
				212D0AC1EBDF4484980DBCEB /* Models */,
				E48CD2A371B045C5A5FC8EDC /* Persistence */,
				A10FF61C281A4E58ABD84E80 /* Views */,
				50A86D3BC63B49F68C86A0D3 /* ViewModels */,
			);
			path = NoteDraft;
			sourceTree = "<group>";
		};
		212D0AC1EBDF4484980DBCEB /* Models */ = {
			isa = PBXGroup;
			children = (
				655F69F912BD48BD94789515 /* Notebook.swift */,
				47B6E03ED33947F293CC98EB /* Page.swift */,
				B9B9B9B9B9B9B9B9B9B9B9B9 /* BackgroundType.swift */,
			);
			path = Models;
			sourceTree = "<group>";
		};
		E48CD2A371B045C5A5FC8EDC /* Persistence */ = {
			isa = PBXGroup;
			children = (
				3D26ABDEA9EB4FA8BF8E1DBE /* DataStore.swift */,
			);
			path = Persistence;
			sourceTree = "<group>";
		};
		A10FF61C281A4E58ABD84E80 /* Views */ = {
			isa = PBXGroup;
			children = (
				4037E1BC556B477BB2187FEB /* NotebookListView.swift */,
				B1B1B1B1B1B1B1B1B1B1B1B1 /* NotebookView.swift */,
				B3B3B3B3B3B3B3B3B3B3B3B3 /* PageView.swift */,
				B5B5B5B5B5B5B5B5B5B5B5B5 /* CanvasView.swift */,
				B6B6B6B6B6B6B6B6B6B6B6B6 /* ContinuousPageView.swift */,
				B8B8B8B8B8B8B8B8B8B8B8B8 /* BackgroundView.swift */,
			);
			path = Views;
			sourceTree = "<group>";
		};
		50A86D3BC63B49F68C86A0D3 /* ViewModels */ = {
			isa = PBXGroup;
			children = (
				2C3254771E6143F0AC310D24 /* NotebookListViewModel.swift */,
				B2B2B2B2B2B2B2B2B2B2B2B2 /* NotebookViewModel.swift */,
				B4B4B4B4B4B4B4B4B4B4B4B4 /* PageViewModel.swift */,
				B7B7B7B7B7B7B7B7B7B7B7B7 /* ContinuousPageViewModel.swift */,
			);
			path = ViewModels;
			sourceTree = "<group>";
		};
		1A00000B0000000000000001 /* Products */ = {
			isa = PBXGroup;
			children = (
				1A0000000000000000000001 /* NoteDraft.app */,
			);
			name = Products;
			sourceTree = "<group>";
		};
/* End PBXGroup section */

/* Begin PBXNativeTarget section */
		1A00000C0000000000000001 /* NoteDraft */ = {
			isa = PBXNativeTarget;
			buildConfigurationList = 1A00000D0000000000000001 /* Build configuration list for PBXNativeTarget "NoteDraft" */;
			buildPhases = (
				1A00000E0000000000000001 /* Sources */,
				1A0000080000000000000001 /* Frameworks */,
				1A00000F0000000000000001 /* Resources */,
			);
			buildRules = (
			);
			dependencies = (
			);
			name = NoteDraft;
			productName = NoteDraft;
			productReference = 1A0000000000000000000001 /* NoteDraft.app */;
			productType = "com.apple.product-type.application";
		};
/* End PBXNativeTarget section */

/* Begin PBXProject section */
		1A0000100000000000000001 /* Project object */ = {
			isa = PBXProject;
			attributes = {
				BuildIndependentTargetsInParallel = 1;
				LastSwiftUpdateCheck = 1500;
				LastUpgradeCheck = 1500;
				TargetAttributes = {
					1A00000C0000000000000001 = {
						CreatedOnToolsVersion = 15.0;
					};
				};
			};
			buildConfigurationList = 1A0000110000000000000001 /* Build configuration list for PBXProject "NoteDraft" */;
			compatibilityVersion = "Xcode 14.0";
			developmentRegion = en;
			hasScannedForEncodings = 0;
			knownRegions = (
				en,
				Base,
			);
			mainGroup = 1A0000090000000000000001;
			productRefGroup = 1A00000B0000000000000001 /* Products */;
			projectDirPath = "";
			projectRoot = "";
			targets = (
				1A00000C0000000000000001 /* NoteDraft */,
			);
		};
/* End PBXProject section */

/* Begin PBXResourcesBuildPhase section */
		1A00000F0000000000000001 /* Resources */ = {
			isa = PBXResourcesBuildPhase;
			buildActionMask = 2147483647;
			files = (
				1A0000050000000000000001 /* Assets.xcassets in Resources */,
			);
			runOnlyForDeploymentPostprocessing = 0;
		};
/* End PBXResourcesBuildPhase section */

/* Begin PBXSourcesBuildPhase section */
		1A00000E0000000000000001 /* Sources */ = {
			isa = PBXSourcesBuildPhase;
			buildActionMask = 2147483647;
			files = (
				1A0000030000000000000001 /* ContentView.swift in Sources */,
				1A0000010000000000000001 /* NoteDraftApp.swift in Sources */,
				8E62203A22824C09BD0352D9 /* Notebook.swift in Sources */,
				5D023ECF7D124AA8BE2A971C /* Page.swift in Sources */,
				18CAF82B89CC423BB5F6F66A /* DataStore.swift in Sources */,
				CEF33E66DAEB4867B753BD30 /* NotebookListView.swift in Sources */,
				65103AE04DE74EF9AC5CB34A /* NotebookListViewModel.swift in Sources */,
				B1A1A1A1A1A1A1A1A1A1A1A1 /* NotebookView.swift in Sources */,
				B2A2A2A2A2A2A2A2A2A2A2A2 /* NotebookViewModel.swift in Sources */,
				B3A3A3A3A3A3A3A3A3A3A3A3 /* PageView.swift in Sources */,
				B4A4A4A4A4A4A4A4A4A4A4A4 /* PageViewModel.swift in Sources */,
				B5A5A5A5A5A5A5A5A5A5A5A5 /* CanvasView.swift in Sources */,
				B6A6A6A6A6A6A6A6A6A6A6A6 /* ContinuousPageView.swift in Sources */,
				B7A7A7A7A7A7A7A7A7A7A7A7 /* ContinuousPageViewModel.swift in Sources */,
				B8A8A8A8A8A8A8A8A8A8A8A8 /* BackgroundView.swift in Sources */,
				B9A9A9A9A9A9A9A9A9A9A9A9 /* BackgroundType.swift in Sources */,
			);
			runOnlyForDeploymentPostprocessing = 0;
		};
/* End PBXSourcesBuildPhase section */

/* Begin XCBuildConfiguration section */
		1A0000120000000000000001 /* Debug */ = {
			isa = XCBuildConfiguration;
			buildSettings = {
				ALWAYS_SEARCH_USER_PATHS = NO;
				ASSETCATALOG_COMPILER_GENERATE_SWIFT_ASSET_SYMBOL_EXTENSIONS = YES;
				CLANG_ANALYZER_NONNULL = YES;
				CLANG_ANALYZER_NUMBER_OBJECT_CONVERSION = YES_AGGRESSIVE;
				CLANG_CXX_LANGUAGE_STANDARD = "gnu++20";
				CLANG_ENABLE_MODULES = YES;
				CLANG_ENABLE_OBJC_ARC = YES;
				CLANG_ENABLE_OBJC_WEAK = YES;
				CLANG_WARN_BLOCK_CAPTURE_AUTORELEASING = YES;
				CLANG_WARN_BOOL_CONVERSION = YES;
				CLANG_WARN_COMMA = YES;
				CLANG_WARN_CONSTANT_CONVERSION = YES;
				CLANG_WARN_DEPRECATED_OBJC_IMPLEMENTATIONS = YES;
				CLANG_WARN_DIRECT_OBJC_ISA_USAGE = YES_ERROR;
				CLANG_WARN_DOCUMENTATION_COMMENTS = YES;
				CLANG_WARN_EMPTY_BODY = YES;
				CLANG_WARN_ENUM_CONVERSION = YES;
				CLANG_WARN_INFINITE_RECURSION = YES;
				CLANG_WARN_INT_CONVERSION = YES;
				CLANG_WARN_NON_LITERAL_NULL_CONVERSION = YES;
				CLANG_WARN_OBJC_IMPLICIT_RETAIN_SELF = YES;
				CLANG_WARN_OBJC_LITERAL_CONVERSION = YES;
				CLANG_WARN_OBJC_ROOT_CLASS = YES_ERROR;
				CLANG_WARN_QUOTED_INCLUDE_IN_FRAMEWORK_HEADER = YES;
				CLANG_WARN_RANGE_LOOP_ANALYSIS = YES;
				CLANG_WARN_STRICT_PROTOTYPES = YES;
				CLANG_WARN_SUSPICIOUS_MOVE = YES;
				CLANG_WARN_UNGUARDED_AVAILABILITY = YES_AGGRESSIVE;
				CLANG_WARN_UNREACHABLE_CODE = YES;
				CLANG_WARN__DUPLICATE_METHOD_MATCH = YES;
				COPY_PHASE_STRIP = NO;
				DEBUG_INFORMATION_FORMAT = dwarf;
				ENABLE_STRICT_OBJC_MSGSEND = YES;
				ENABLE_TESTABILITY = YES;
				ENABLE_USER_SCRIPT_SANDBOXING = YES;
				GCC_C_LANGUAGE_STANDARD = gnu17;
				GCC_DYNAMIC_NO_PIC = NO;
				GCC_NO_COMMON_BLOCKS = YES;
				GCC_OPTIMIZATION_LEVEL = 0;
				GCC_PREPROCESSOR_DEFINITIONS = (
					"DEBUG=1",
					"$(inherited)",
				);
				GCC_WARN_64_TO_32_BIT_CONVERSION = YES;
				GCC_WARN_ABOUT_RETURN_TYPE = YES_ERROR;
				GCC_WARN_UNDECLARED_SELECTOR = YES;
				GCC_WARN_UNINITIALIZED_AUTOS = YES_AGGRESSIVE;
				GCC_WARN_UNUSED_FUNCTION = YES;
				GCC_WARN_UNUSED_VARIABLE = YES;
				IPHONEOS_DEPLOYMENT_TARGET = 17.0;
				LOCALIZATION_PREFERS_STRING_CATALOGS = YES;
				MTL_ENABLE_DEBUG_INFO = INCLUDE_SOURCE;
				MTL_FAST_MATH = YES;
				ONLY_ACTIVE_ARCH = YES;
				SWIFT_ACTIVE_COMPILATION_CONDITIONS = "DEBUG $(inherited)";
				SWIFT_OPTIMIZATION_LEVEL = "-Onone";
			};
			name = Debug;
		};
		1A0000130000000000000001 /* Release */ = {
			isa = XCBuildConfiguration;
			buildSettings = {
				ALWAYS_SEARCH_USER_PATHS = NO;
				ASSETCATALOG_COMPILER_GENERATE_SWIFT_ASSET_SYMBOL_EXTENSIONS = YES;
				CLANG_ANALYZER_NONNULL = YES;
				CLANG_ANALYZER_NUMBER_OBJECT_CONVERSION = YES_AGGRESSIVE;
				CLANG_CXX_LANGUAGE_STANDARD = "gnu++20";
				CLANG_ENABLE_MODULES = YES;
				CLANG_ENABLE_OBJC_ARC = YES;
				CLANG_ENABLE_OBJC_WEAK = YES;
				CLANG_WARN_BLOCK_CAPTURE_AUTORELEASING = YES;
				CLANG_WARN_BOOL_CONVERSION = YES;
				CLANG_WARN_COMMA = YES;
				CLANG_WARN_CONSTANT_CONVERSION = YES;
				CLANG_WARN_DEPRECATED_OBJC_IMPLEMENTATIONS = YES;
				CLANG_WARN_DIRECT_OBJC_ISA_USAGE = YES_ERROR;
				CLANG_WARN_DOCUMENTATION_COMMENTS = YES;
				CLANG_WARN_EMPTY_BODY = YES;
				CLANG_WARN_ENUM_CONVERSION = YES;
				CLANG_WARN_INFINITE_RECURSION = YES;
				CLANG_WARN_INT_CONVERSION = YES;
				CLANG_WARN_NON_LITERAL_NULL_CONVERSION = YES;
				CLANG_WARN_OBJC_IMPLICIT_RETAIN_SELF = YES;
				CLANG_WARN_OBJC_LITERAL_CONVERSION = YES;
				CLANG_WARN_OBJC_ROOT_CLASS = YES_ERROR;
				CLANG_WARN_QUOTED_INCLUDE_IN_FRAMEWORK_HEADER = YES;
				CLANG_WARN_RANGE_LOOP_ANALYSIS = YES;
				CLANG_WARN_STRICT_PROTOTYPES = YES;
				CLANG_WARN_SUSPICIOUS_MOVE = YES;
				CLANG_WARN_UNGUARDED_AVAILABILITY = YES_AGGRESSIVE;
				CLANG_WARN_UNREACHABLE_CODE = YES;
				CLANG_WARN__DUPLICATE_METHOD_MATCH = YES;
				COPY_PHASE_STRIP = NO;
				DEBUG_INFORMATION_FORMAT = "dwarf-with-dsym";
				ENABLE_NS_ASSERTIONS = NO;
				ENABLE_STRICT_OBJC_MSGSEND = YES;
				ENABLE_USER_SCRIPT_SANDBOXING = YES;
				GCC_C_LANGUAGE_STANDARD = gnu17;
				GCC_NO_COMMON_BLOCKS = YES;
				GCC_WARN_64_TO_32_BIT_CONVERSION = YES;
				GCC_WARN_ABOUT_RETURN_TYPE = YES_ERROR;
				GCC_WARN_UNDECLARED_SELECTOR = YES;
				GCC_WARN_UNINITIALIZED_AUTOS = YES_AGGRESSIVE;
				GCC_WARN_UNUSED_FUNCTION = YES;
				GCC_WARN_UNUSED_VARIABLE = YES;
				IPHONEOS_DEPLOYMENT_TARGET = 17.0;
				LOCALIZATION_PREFERS_STRING_CATALOGS = YES;
				MTL_ENABLE_DEBUG_INFO = NO;
				MTL_FAST_MATH = YES;
				SWIFT_COMPILATION_MODE = wholemodule;
			};
			name = Release;
		};
		1A0000140000000000000001 /* Debug */ = {
			isa = XCBuildConfiguration;
			buildSettings = {
				ASSETCATALOG_COMPILER_APPICON_NAME = AppIcon;
				ASSETCATALOG_COMPILER_GLOBAL_ACCENT_COLOR_NAME = AccentColor;
				CODE_SIGN_STYLE = Automatic;
				CURRENT_PROJECT_VERSION = 1;
				DEVELOPMENT_ASSET_PATHS = "";
				ENABLE_PREVIEWS = YES;
				GENERATE_INFOPLIST_FILE = NO;
				INFOPLIST_FILE = NoteDraft/Info.plist;
				INFOPLIST_KEY_UIApplicationSceneManifest_Generation = YES;
				INFOPLIST_KEY_UIApplicationSupportsIndirectInputEvents = YES;
				INFOPLIST_KEY_UILaunchScreen_Generation = YES;
				INFOPLIST_KEY_UISupportedInterfaceOrientations_iPad = "UIInterfaceOrientationPortrait UIInterfaceOrientationPortraitUpsideDown UIInterfaceOrientationLandscapeLeft UIInterfaceOrientationLandscapeRight";
				IPHONEOS_DEPLOYMENT_TARGET = 17.0;
				LD_RUNPATH_SEARCH_PATHS = (
					"$(inherited)",
					"@executable_path/Frameworks",
				);
				MARKETING_VERSION = 1.0;
				PRODUCT_BUNDLE_IDENTIFIER = com.notedraft.NoteDraft;
				PRODUCT_NAME = "$(TARGET_NAME)";
				SDKROOT = iphoneos;
				SUPPORTED_PLATFORMS = "iphoneos iphonesimulator";
				SUPPORTS_MACCATALYST = NO;
				SUPPORTS_MAC_DESIGNED_FOR_IPHONE_IPAD = NO;
				SUPPORTS_XR_DESIGNED_FOR_IPHONE_IPAD = NO;
				SWIFT_EMIT_LOC_STRINGS = YES;
				SWIFT_VERSION = 5.0;
				TARGETED_DEVICE_FAMILY = 2;
			};
			name = Debug;
		};
		1A0000150000000000000001 /* Release */ = {
			isa = XCBuildConfiguration;
			buildSettings = {
				ASSETCATALOG_COMPILER_APPICON_NAME = AppIcon;
				ASSETCATALOG_COMPILER_GLOBAL_ACCENT_COLOR_NAME = AccentColor;
				CODE_SIGN_STYLE = Automatic;
				CURRENT_PROJECT_VERSION = 1;
				DEVELOPMENT_ASSET_PATHS = "";
				ENABLE_PREVIEWS = YES;
				GENERATE_INFOPLIST_FILE = NO;
				INFOPLIST_FILE = NoteDraft/Info.plist;
				INFOPLIST_KEY_UIApplicationSceneManifest_Generation = YES;
				INFOPLIST_KEY_UIApplicationSupportsIndirectInputEvents = YES;
				INFOPLIST_KEY_UILaunchScreen_Generation = YES;
				INFOPLIST_KEY_UISupportedInterfaceOrientations_iPad = "UIInterfaceOrientationPortrait UIInterfaceOrientationPortraitUpsideDown UIInterfaceOrientationLandscapeLeft UIInterfaceOrientationLandscapeRight";
				IPHONEOS_DEPLOYMENT_TARGET = 17.0;
				LD_RUNPATH_SEARCH_PATHS = (
					"$(inherited)",
					"@executable_path/Frameworks",
				);
				MARKETING_VERSION = 1.0;
				PRODUCT_BUNDLE_IDENTIFIER = com.notedraft.NoteDraft;
				PRODUCT_NAME = "$(TARGET_NAME)";
				SDKROOT = iphoneos;
				SUPPORTED_PLATFORMS = "iphoneos iphonesimulator";
				SUPPORTS_MACCATALYST = NO;
				SUPPORTS_MAC_DESIGNED_FOR_IPHONE_IPAD = NO;
				SUPPORTS_XR_DESIGNED_FOR_IPHONE_IPAD = NO;
				SWIFT_EMIT_LOC_STRINGS = YES;
				SWIFT_VERSION = 5.0;
				TARGETED_DEVICE_FAMILY = 2;
				VALIDATE_PRODUCT = YES;
			};
			name = Release;
		};
/* End XCBuildConfiguration section */

/* Begin XCConfigurationList section */
		1A0000110000000000000001 /* Build configuration list for PBXProject "NoteDraft" */ = {
			isa = XCConfigurationList;
			buildConfigurations = (
				1A0000120000000000000001 /* Debug */,
				1A0000130000000000000001 /* Release */,
			);
			defaultConfigurationIsVisible = 0;
			defaultConfigurationName = Release;
		};
		1A00000D0000000000000001 /* Build configuration list for PBXNativeTarget "NoteDraft" */ = {
			isa = XCConfigurationList;
			buildConfigurations = (
				1A0000140000000000000001 /* Debug */,
				1A0000150000000000000001 /* Release */,
			);
			defaultConfigurationIsVisible = 0;
			defaultConfigurationName = Release;
		};
/* End XCConfigurationList section */
	};
	rootObject = 1A0000100000000000000001 /* Project object */;
}
